
Microsoft Visual Studio Solution File, Format Version 12.00
# Visual Studio Version 16
VisualStudioVersion = 16.0.32510.428
MinimumVisualStudioVersion = 10.0.40219.1
Project("{FAE04EC0-301F-11D3-BF4B-00C04F79EFBC}") = "Data Rt 06", "Data Rt 06\Data Rt 06.csproj", "{F5A39256-9BDF-4B3F-AB20-85C2580E5A9A}"
EndProject
Global
	GlobalSection(SolutionConfigurationPlatforms) = preSolution
		Debug|Any CPU = Debug|Any CPU
		Release|Any CPU = Release|Any CPU
	EndGlobalSection
	GlobalSection(ProjectConfigurationPlatforms) = postSolution
		{F5A39256-9BDF-4B3F-AB20-85C2580E5A9A}.Debug|Any CPU.ActiveCfg = Debug|Any CPU
		{F5A39256-9BDF-4B3F-AB20-85C2580E5A9A}.Debug|Any CPU.Build.0 = Debug|Any CPU
		{F5A39256-9BDF-4B3F-AB20-85C2580E5A9A}.Release|Any CPU.ActiveCfg = Release|Any CPU
		{F5A39256-9BDF-4B3F-AB20-85C2580E5A9A}.Release|Any CPU.Build.0 = Release|Any CPU
	EndGlobalSection
	GlobalSection(SolutionProperties) = preSolution
		HideSolutionNode = FALSE
	EndGlobalSection
	GlobalSection(ExtensibilityGlobals) = postSolution
		SolutionGuid = {EA4276AA-B73A-4323-808C-BBCB46C83899}
	EndGlobalSection
EndGlobal
